
Microsoft Visual Studio Solution File, Format Version 12.00
# Visual Studio Version 16
VisualStudioVersion = 16.0.30309.148
MinimumVisualStudioVersion = 10.0.40219.1
Project("{9A19103F-16F7-4668-BE54-9A1E7A4F7556}") = "dotnet3eme", "dotnet3eme\dotnet3eme.csproj", "{B79EA480-DB69-4551-B6DA-85CD1550B0D7}"
EndProject
Project("{FAE04EC0-301F-11D3-BF4B-00C04F79EFBC}") = "DAL", "DAL\DAL.csproj", "{6AC21C6F-D41F-42A0-B7D3-C86F9CD64088}"
EndProject
Project("{FAE04EC0-301F-11D3-BF4B-00C04F79EFBC}") = "ConsoleTests", "ConsoleTests\ConsoleTests.csproj", "{176F8A8A-6F1D-488E-8757-A16058CD4513}"
EndProject
Project("{FAE04EC0-301F-11D3-BF4B-00C04F79EFBC}") = "DTO", "DTO\DTO.csproj", "{F867BD17-5E54-42FC-97F0-81A89CD6F1C5}"
EndProject
Project("{FAE04EC0-301F-11D3-BF4B-00C04F79EFBC}") = "BLL", "BLL\BLL.csproj", "{BF691F8F-56D7-4535-A1CC-674E950C93F3}"
EndProject
Project("{FAE04EC0-301F-11D3-BF4B-00C04F79EFBC}") = "WCFService", "WCFService\WCFService.csproj", "{BB5A22F4-C158-4708-BE00-568F22C2F537}"
EndProject
Project("{FAE04EC0-301F-11D3-BF4B-00C04F79EFBC}") = "ConsoleWCF", "ConsoleWCF\ConsoleWCF.csproj", "{7CDD32A1-2903-460B-9F29-24D333D64D95}"
	ProjectSection(ProjectDependencies) = postProject
		{BB5A22F4-C158-4708-BE00-568F22C2F537} = {BB5A22F4-C158-4708-BE00-568F22C2F537}
	EndProjectSection
EndProject
Project("{FAE04EC0-301F-11D3-BF4B-00C04F79EFBC}") = "ApplicWPF", "ApplicWPF\ApplicWPF.csproj", "{335EB702-A63C-44BF-AAAD-D46ED785C42F}"
	ProjectSection(ProjectDependencies) = postProject
		{BB5A22F4-C158-4708-BE00-568F22C2F537} = {BB5A22F4-C158-4708-BE00-568F22C2F537}
	EndProjectSection
EndProject
Global
	GlobalSection(SolutionConfigurationPlatforms) = preSolution
		Debug|Any CPU = Debug|Any CPU
		Release|Any CPU = Release|Any CPU
	EndGlobalSection
	GlobalSection(ProjectConfigurationPlatforms) = postSolution
		{B79EA480-DB69-4551-B6DA-85CD1550B0D7}.Debug|Any CPU.ActiveCfg = Debug|Any CPU
		{B79EA480-DB69-4551-B6DA-85CD1550B0D7}.Debug|Any CPU.Build.0 = Debug|Any CPU
		{B79EA480-DB69-4551-B6DA-85CD1550B0D7}.Release|Any CPU.ActiveCfg = Release|Any CPU
		{B79EA480-DB69-4551-B6DA-85CD1550B0D7}.Release|Any CPU.Build.0 = Release|Any CPU
		{6AC21C6F-D41F-42A0-B7D3-C86F9CD64088}.Debug|Any CPU.ActiveCfg = Debug|Any CPU
		{6AC21C6F-D41F-42A0-B7D3-C86F9CD64088}.Debug|Any CPU.Build.0 = Debug|Any CPU
		{6AC21C6F-D41F-42A0-B7D3-C86F9CD64088}.Release|Any CPU.ActiveCfg = Release|Any CPU
		{6AC21C6F-D41F-42A0-B7D3-C86F9CD64088}.Release|Any CPU.Build.0 = Release|Any CPU
		{176F8A8A-6F1D-488E-8757-A16058CD4513}.Debug|Any CPU.ActiveCfg = Debug|Any CPU
		{176F8A8A-6F1D-488E-8757-A16058CD4513}.Debug|Any CPU.Build.0 = Debug|Any CPU
		{176F8A8A-6F1D-488E-8757-A16058CD4513}.Release|Any CPU.ActiveCfg = Release|Any CPU
		{176F8A8A-6F1D-488E-8757-A16058CD4513}.Release|Any CPU.Build.0 = Release|Any CPU
		{F867BD17-5E54-42FC-97F0-81A89CD6F1C5}.Debug|Any CPU.ActiveCfg = Debug|Any CPU
		{F867BD17-5E54-42FC-97F0-81A89CD6F1C5}.Debug|Any CPU.Build.0 = Debug|Any CPU
		{F867BD17-5E54-42FC-97F0-81A89CD6F1C5}.Release|Any CPU.ActiveCfg = Release|Any CPU
		{F867BD17-5E54-42FC-97F0-81A89CD6F1C5}.Release|Any CPU.Build.0 = Release|Any CPU
		{BF691F8F-56D7-4535-A1CC-674E950C93F3}.Debug|Any CPU.ActiveCfg = Debug|Any CPU
		{BF691F8F-56D7-4535-A1CC-674E950C93F3}.Debug|Any CPU.Build.0 = Debug|Any CPU
		{BF691F8F-56D7-4535-A1CC-674E950C93F3}.Release|Any CPU.ActiveCfg = Release|Any CPU
		{BF691F8F-56D7-4535-A1CC-674E950C93F3}.Release|Any CPU.Build.0 = Release|Any CPU
		{BB5A22F4-C158-4708-BE00-568F22C2F537}.Debug|Any CPU.ActiveCfg = Debug|Any CPU
		{BB5A22F4-C158-4708-BE00-568F22C2F537}.Debug|Any CPU.Build.0 = Debug|Any CPU
		{BB5A22F4-C158-4708-BE00-568F22C2F537}.Release|Any CPU.ActiveCfg = Release|Any CPU
		{BB5A22F4-C158-4708-BE00-568F22C2F537}.Release|Any CPU.Build.0 = Release|Any CPU
		{7CDD32A1-2903-460B-9F29-24D333D64D95}.Debug|Any CPU.ActiveCfg = Debug|Any CPU
		{7CDD32A1-2903-460B-9F29-24D333D64D95}.Debug|Any CPU.Build.0 = Debug|Any CPU
		{7CDD32A1-2903-460B-9F29-24D333D64D95}.Release|Any CPU.ActiveCfg = Release|Any CPU
		{7CDD32A1-2903-460B-9F29-24D333D64D95}.Release|Any CPU.Build.0 = Release|Any CPU
		{335EB702-A63C-44BF-AAAD-D46ED785C42F}.Debug|Any CPU.ActiveCfg = Debug|Any CPU
		{335EB702-A63C-44BF-AAAD-D46ED785C42F}.Debug|Any CPU.Build.0 = Debug|Any CPU
		{335EB702-A63C-44BF-AAAD-D46ED785C42F}.Release|Any CPU.ActiveCfg = Release|Any CPU
		{335EB702-A63C-44BF-AAAD-D46ED785C42F}.Release|Any CPU.Build.0 = Release|Any CPU
	EndGlobalSection
	GlobalSection(SolutionProperties) = preSolution
		HideSolutionNode = FALSE
	EndGlobalSection
	GlobalSection(ExtensibilityGlobals) = postSolution
		SolutionGuid = {0152E23A-DCB5-4334-BEBD-698B423817F5}
	EndGlobalSection
EndGlobal
